
Microsoft Visual Studio Solution File, Format Version 12.00
# Visual Studio Version 17
VisualStudioVersion = 17.0.31612.314
MinimumVisualStudioVersion = 10.0.40219.1
Project("{9A19103F-16F7-4668-BE54-9A1E7A4F7556}") = "BigMachines", "BigMachines\BigMachines.csproj", "{8A142BFD-0AB5-4E06-B200-93A19FF28DE0}"
EndProject
Project("{2150E333-8FDC-42A3-9474-1A3956D46DE8}") = "Solution Items", "Solution Items", "{F53F15B5-1E43-4694-9E2C-1D7C48B33F3B}"
	ProjectSection(SolutionItems) = preProject
		.editorconfig = .editorconfig
	EndProjectSection
EndProject
Project("{9A19103F-16F7-4668-BE54-9A1E7A4F7556}") = "Sandbox", "Sandbox\Sandbox.csproj", "{A15DCF2C-B1F6-45D1-A982-0904C88D2F67}"
EndProject
Project("{9A19103F-16F7-4668-BE54-9A1E7A4F7556}") = "Benchmark", "Benchmark\Benchmark.csproj", "{A38FDC07-80DC-42F2-A2C7-0F1F69B2F519}"
EndProject
Project("{9A19103F-16F7-4668-BE54-9A1E7A4F7556}") = "BigMachinesGenerator", "BigMachinesGenerator\BigMachinesGenerator.csproj", "{13D57FCE-88CB-44C4-B160-6B5CB57CCF26}"
EndProject
Project("{9A19103F-16F7-4668-BE54-9A1E7A4F7556}") = "Advanced", "Advanced\Advanced.csproj", "{D1F88D6B-DFF3-49D7-9C2D-1F7A68045A72}"
EndProject
Project("{9A19103F-16F7-4668-BE54-9A1E7A4F7556}") = "QuickStart", "QuickStart\QuickStart.csproj", "{C7F6E39F-49EF-4275-B4B8-2C0649B6E6C8}"
EndProject
Project("{FAE04EC0-301F-11D3-BF4B-00C04F79EFBC}") = "ExternalMachine", "ExternalMachine\ExternalMachine.csproj", "{B5A0F567-83D7-455F-8396-FD5A1CE29503}"
EndProject
Global
	GlobalSection(SolutionConfigurationPlatforms) = preSolution
		Debug|Any CPU = Debug|Any CPU
		Release|Any CPU = Release|Any CPU
	EndGlobalSection
	GlobalSection(ProjectConfigurationPlatforms) = postSolution
		{8A142BFD-0AB5-4E06-B200-93A19FF28DE0}.Debug|Any CPU.ActiveCfg = Debug|Any CPU
		{8A142BFD-0AB5-4E06-B200-93A19FF28DE0}.Debug|Any CPU.Build.0 = Debug|Any CPU
		{8A142BFD-0AB5-4E06-B200-93A19FF28DE0}.Release|Any CPU.ActiveCfg = Release|Any CPU
		{8A142BFD-0AB5-4E06-B200-93A19FF28DE0}.Release|Any CPU.Build.0 = Release|Any CPU
		{A15DCF2C-B1F6-45D1-A982-0904C88D2F67}.Debug|Any CPU.ActiveCfg = Debug|Any CPU
		{A15DCF2C-B1F6-45D1-A982-0904C88D2F67}.Debug|Any CPU.Build.0 = Debug|Any CPU
		{A15DCF2C-B1F6-45D1-A982-0904C88D2F67}.Release|Any CPU.ActiveCfg = Release|Any CPU
		{A15DCF2C-B1F6-45D1-A982-0904C88D2F67}.Release|Any CPU.Build.0 = Release|Any CPU
		{A38FDC07-80DC-42F2-A2C7-0F1F69B2F519}.Debug|Any CPU.ActiveCfg = Debug|Any CPU
		{A38FDC07-80DC-42F2-A2C7-0F1F69B2F519}.Debug|Any CPU.Build.0 = Debug|Any CPU
		{A38FDC07-80DC-42F2-A2C7-0F1F69B2F519}.Release|Any CPU.ActiveCfg = Release|Any CPU
		{A38FDC07-80DC-42F2-A2C7-0F1F69B2F519}.Release|Any CPU.Build.0 = Release|Any CPU
		{13D57FCE-88CB-44C4-B160-6B5CB57CCF26}.Debug|Any CPU.ActiveCfg = Debug|Any CPU
		{13D57FCE-88CB-44C4-B160-6B5CB57CCF26}.Debug|Any CPU.Build.0 = Debug|Any CPU
		{13D57FCE-88CB-44C4-B160-6B5CB57CCF26}.Release|Any CPU.ActiveCfg = Release|Any CPU
		{13D57FCE-88CB-44C4-B160-6B5CB57CCF26}.Release|Any CPU.Build.0 = Release|Any CPU
		{D1F88D6B-DFF3-49D7-9C2D-1F7A68045A72}.Debug|Any CPU.ActiveCfg = Debug|Any CPU
		{D1F88D6B-DFF3-49D7-9C2D-1F7A68045A72}.Debug|Any CPU.Build.0 = Debug|Any CPU
		{D1F88D6B-DFF3-49D7-9C2D-1F7A68045A72}.Release|Any CPU.ActiveCfg = Release|Any CPU
		{D1F88D6B-DFF3-49D7-9C2D-1F7A68045A72}.Release|Any CPU.Build.0 = Release|Any CPU
		{C7F6E39F-49EF-4275-B4B8-2C0649B6E6C8}.Debug|Any CPU.ActiveCfg = Debug|Any CPU
		{C7F6E39F-49EF-4275-B4B8-2C0649B6E6C8}.Debug|Any CPU.Build.0 = Debug|Any CPU
		{C7F6E39F-49EF-4275-B4B8-2C0649B6E6C8}.Release|Any CPU.ActiveCfg = Release|Any CPU
		{C7F6E39F-49EF-4275-B4B8-2C0649B6E6C8}.Release|Any CPU.Build.0 = Release|Any CPU
		{B5A0F567-83D7-455F-8396-FD5A1CE29503}.Debug|Any CPU.ActiveCfg = Debug|Any CPU
		{B5A0F567-83D7-455F-8396-FD5A1CE29503}.Debug|Any CPU.Build.0 = Debug|Any CPU
		{B5A0F567-83D7-455F-8396-FD5A1CE29503}.Release|Any CPU.ActiveCfg = Release|Any CPU
		{B5A0F567-83D7-455F-8396-FD5A1CE29503}.Release|Any CPU.Build.0 = Release|Any CPU
	EndGlobalSection
	GlobalSection(SolutionProperties) = preSolution
		HideSolutionNode = FALSE
	EndGlobalSection
	GlobalSection(ExtensibilityGlobals) = postSolution
		SolutionGuid = {3E96E3CD-D43D-4447-85F7-F4123C8DBB0F}
	EndGlobalSection
EndGlobal
